// !$*UTF8*$!
{
	archiveVersion = 1;
	classes = {
	};
	objectVersion = 50;
	objects = {

/* Begin PBXBuildFile section */
		6164DD7D24D335560061940C /* La.m4a in Resources */ = {isa = PBXBuildFile; fileRef = 6164DD7724D335560061940C /* La.m4a */; };
		6164DD7E24D335560061940C /* Re.m4a in Resources */ = {isa = PBXBuildFile; fileRef = 6164DD7824D335560061940C /* Re.m4a */; };
		6164DD7F24D335560061940C /* Mi.m4a in Resources */ = {isa = PBXBuildFile; fileRef = 6164DD7924D335560061940C /* Mi.m4a */; };
		6164DD8124D335560061940C /* Si.m4a in Resources */ = {isa = PBXBuildFile; fileRef = 6164DD7B24D335560061940C /* Si.m4a */; };
		6164DD8224D335560061940C /* Sol.m4a in Resources */ = {isa = PBXBuildFile; fileRef = 6164DD7C24D335560061940C /* Sol.m4a */; };
		6164DD8524D35C240061940C /* GSAudio.swift in Sources */ = {isa = PBXBuildFile; fileRef = 6164DD8424D35C240061940C /* GSAudio.swift */; };
		6164DD8824D35C800061940C /* Note.swift in Sources */ = {isa = PBXBuildFile; fileRef = 6164DD8724D35C800061940C /* Note.swift */; };
		61D0944624D3FF2C00118A39 /* MiGrave.m4a in Resources */ = {isa = PBXBuildFile; fileRef = 61D0944524D3FF2800118A39 /* MiGrave.m4a */; };
		61D100C424D1EE0C00B3E3B6 /* AppDelegate.swift in Sources */ = {isa = PBXBuildFile; fileRef = 61D100C324D1EE0C00B3E3B6 /* AppDelegate.swift */; };
		61D100C624D1EE0C00B3E3B6 /* SceneDelegate.swift in Sources */ = {isa = PBXBuildFile; fileRef = 61D100C524D1EE0C00B3E3B6 /* SceneDelegate.swift */; };
		61D100C924D1EE0C00B3E3B6 /* KitchenSink.xcdatamodeld in Sources */ = {isa = PBXBuildFile; fileRef = 61D100C724D1EE0C00B3E3B6 /* KitchenSink.xcdatamodeld */; };
		61D100CB24D1EE0C00B3E3B6 /* ContentView.swift in Sources */ = {isa = PBXBuildFile; fileRef = 61D100CA24D1EE0C00B3E3B6 /* ContentView.swift */; };
		61D100CD24D1EE1100B3E3B6 /* Assets.xcassets in Resources */ = {isa = PBXBuildFile; fileRef = 61D100CC24D1EE1100B3E3B6 /* Assets.xcassets */; };
		61D100D024D1EE1100B3E3B6 /* Preview Assets.xcassets in Resources */ = {isa = PBXBuildFile; fileRef = 61D100CF24D1EE1100B3E3B6 /* Preview Assets.xcassets */; };
		61D100D324D1EE1100B3E3B6 /* LaunchScreen.storyboard in Resources */ = {isa = PBXBuildFile; fileRef = 61D100D124D1EE1100B3E3B6 /* LaunchScreen.storyboard */; };
		61D100DE24D1EE1200B3E3B6 /* KitchenSinkTests.swift in Sources */ = {isa = PBXBuildFile; fileRef = 61D100DD24D1EE1200B3E3B6 /* KitchenSinkTests.swift */; };
		61D100E924D1EE1200B3E3B6 /* KitchenSinkUITests.swift in Sources */ = {isa = PBXBuildFile; fileRef = 61D100E824D1EE1200B3E3B6 /* KitchenSinkUITests.swift */; };
/* End PBXBuildFile section */

/* Begin PBXContainerItemProxy section */
		61D100DA24D1EE1200B3E3B6 /* PBXContainerItemProxy */ = {
			isa = PBXContainerItemProxy;
			containerPortal = 61D100B824D1EE0C00B3E3B6 /* Project object */;
			proxyType = 1;
			remoteGlobalIDString = 61D100BF24D1EE0C00B3E3B6;
			remoteInfo = KitchenSink;
		};
		61D100E524D1EE1200B3E3B6 /* PBXContainerItemProxy */ = {
			isa = PBXContainerItemProxy;
			containerPortal = 61D100B824D1EE0C00B3E3B6 /* Project object */;
			proxyType = 1;
			remoteGlobalIDString = 61D100BF24D1EE0C00B3E3B6;
			remoteInfo = KitchenSink;
		};
/* End PBXContainerItemProxy section */

/* Begin PBXFileReference section */
		6164DD7724D335560061940C /* La.m4a */ = {isa = PBXFileReference; lastKnownFileType = file; path = La.m4a; sourceTree = "<group>"; };
		6164DD7824D335560061940C /* Re.m4a */ = {isa = PBXFileReference; lastKnownFileType = file; path = Re.m4a; sourceTree = "<group>"; };
		6164DD7924D335560061940C /* Mi.m4a */ = {isa = PBXFileReference; lastKnownFileType = file; path = Mi.m4a; sourceTree = "<group>"; };
		6164DD7B24D335560061940C /* Si.m4a */ = {isa = PBXFileReference; lastKnownFileType = file; path = Si.m4a; sourceTree = "<group>"; };
		6164DD7C24D335560061940C /* Sol.m4a */ = {isa = PBXFileReference; lastKnownFileType = file; path = Sol.m4a; sourceTree = "<group>"; };
		6164DD8424D35C240061940C /* GSAudio.swift */ = {isa = PBXFileReference; lastKnownFileType = sourcecode.swift; path = GSAudio.swift; sourceTree = "<group>"; };
		6164DD8724D35C800061940C /* Note.swift */ = {isa = PBXFileReference; lastKnownFileType = sourcecode.swift; path = Note.swift; sourceTree = "<group>"; };
		61D0944524D3FF2800118A39 /* MiGrave.m4a */ = {isa = PBXFileReference; lastKnownFileType = file; path = MiGrave.m4a; sourceTree = "<group>"; };
		61D0944724D40BB700118A39 /* KitchenSink.entitlements */ = {isa = PBXFileReference; lastKnownFileType = text.plist.entitlements; path = KitchenSink.entitlements; sourceTree = "<group>"; };
		61D100C024D1EE0C00B3E3B6 /* KitchenSink.app */ = {isa = PBXFileReference; explicitFileType = wrapper.application; includeInIndex = 0; path = KitchenSink.app; sourceTree = BUILT_PRODUCTS_DIR; };
		61D100C324D1EE0C00B3E3B6 /* AppDelegate.swift */ = {isa = PBXFileReference; lastKnownFileType = sourcecode.swift; path = AppDelegate.swift; sourceTree = "<group>"; };
		61D100C524D1EE0C00B3E3B6 /* SceneDelegate.swift */ = {isa = PBXFileReference; lastKnownFileType = sourcecode.swift; path = SceneDelegate.swift; sourceTree = "<group>"; };
		61D100C824D1EE0C00B3E3B6 /* KitchenSink.xcdatamodel */ = {isa = PBXFileReference; lastKnownFileType = wrapper.xcdatamodel; path = KitchenSink.xcdatamodel; sourceTree = "<group>"; };
		61D100CA24D1EE0C00B3E3B6 /* ContentView.swift */ = {isa = PBXFileReference; lastKnownFileType = sourcecode.swift; path = ContentView.swift; sourceTree = "<group>"; };
		61D100CC24D1EE1100B3E3B6 /* Assets.xcassets */ = {isa = PBXFileReference; lastKnownFileType = folder.assetcatalog; path = Assets.xcassets; sourceTree = "<group>"; };
		61D100CF24D1EE1100B3E3B6 /* Preview Assets.xcassets */ = {isa = PBXFileReference; lastKnownFileType = folder.assetcatalog; path = "Preview Assets.xcassets"; sourceTree = "<group>"; };
		61D100D224D1EE1100B3E3B6 /* Base */ = {isa = PBXFileReference; lastKnownFileType = file.storyboard; name = Base; path = Base.lproj/LaunchScreen.storyboard; sourceTree = "<group>"; };
		61D100D424D1EE1100B3E3B6 /* Info.plist */ = {isa = PBXFileReference; lastKnownFileType = text.plist.xml; path = Info.plist; sourceTree = "<group>"; };
		61D100D924D1EE1200B3E3B6 /* KitchenSinkTests.xctest */ = {isa = PBXFileReference; explicitFileType = wrapper.cfbundle; includeInIndex = 0; path = KitchenSinkTests.xctest; sourceTree = BUILT_PRODUCTS_DIR; };
		61D100DD24D1EE1200B3E3B6 /* KitchenSinkTests.swift */ = {isa = PBXFileReference; lastKnownFileType = sourcecode.swift; path = KitchenSinkTests.swift; sourceTree = "<group>"; };
		61D100DF24D1EE1200B3E3B6 /* Info.plist */ = {isa = PBXFileReference; lastKnownFileType = text.plist.xml; path = Info.plist; sourceTree = "<group>"; };
		61D100E424D1EE1200B3E3B6 /* KitchenSinkUITests.xctest */ = {isa = PBXFileReference; explicitFileType = wrapper.cfbundle; includeInIndex = 0; path = KitchenSinkUITests.xctest; sourceTree = BUILT_PRODUCTS_DIR; };
		61D100E824D1EE1200B3E3B6 /* KitchenSinkUITests.swift */ = {isa = PBXFileReference; lastKnownFileType = sourcecode.swift; path = KitchenSinkUITests.swift; sourceTree = "<group>"; };
		61D100EA24D1EE1200B3E3B6 /* Info.plist */ = {isa = PBXFileReference; lastKnownFileType = text.plist.xml; path = Info.plist; sourceTree = "<group>"; };
/* End PBXFileReference section */

/* Begin PBXFrameworksBuildPhase section */
		61D100BD24D1EE0C00B3E3B6 /* Frameworks */ = {
			isa = PBXFrameworksBuildPhase;
			buildActionMask = 2147483647;
			files = (
			);
			runOnlyForDeploymentPostprocessing = 0;
		};
		61D100D624D1EE1200B3E3B6 /* Frameworks */ = {
			isa = PBXFrameworksBuildPhase;
			buildActionMask = 2147483647;
			files = (
			);
			runOnlyForDeploymentPostprocessing = 0;
		};
		61D100E124D1EE1200B3E3B6 /* Frameworks */ = {
			isa = PBXFrameworksBuildPhase;
			buildActionMask = 2147483647;
			files = (
			);
			runOnlyForDeploymentPostprocessing = 0;
		};
/* End PBXFrameworksBuildPhase section */

/* Begin PBXGroup section */
		6164DD7624D3353C0061940C /* audioAssets */ = {
			isa = PBXGroup;
			children = (
				61D0944524D3FF2800118A39 /* MiGrave.m4a */,
				6164DD7724D335560061940C /* La.m4a */,
				6164DD7824D335560061940C /* Re.m4a */,
				6164DD7C24D335560061940C /* Sol.m4a */,
				6164DD7B24D335560061940C /* Si.m4a */,
				6164DD7924D335560061940C /* Mi.m4a */,
			);
			path = audioAssets;
			sourceTree = "<group>";
		};
		6164DD8324D35BFF0061940C /* AudioManager */ = {
			isa = PBXGroup;
			children = (
				6164DD8424D35C240061940C /* GSAudio.swift */,
			);
			name = AudioManager;
			sourceTree = "<group>";
		};
		6164DD8624D35C680061940C /* Model */ = {
			isa = PBXGroup;
			children = (
				6164DD8724D35C800061940C /* Note.swift */,
			);
			path = Model;
			sourceTree = "<group>";
		};
		61D100B724D1EE0C00B3E3B6 = {
			isa = PBXGroup;
			children = (
				61D100C224D1EE0C00B3E3B6 /* KitchenSink */,
				61D100DC24D1EE1200B3E3B6 /* KitchenSinkTests */,
				61D100E724D1EE1200B3E3B6 /* KitchenSinkUITests */,
				61D100C124D1EE0C00B3E3B6 /* Products */,
			);
			sourceTree = "<group>";
		};
		61D100C124D1EE0C00B3E3B6 /* Products */ = {
			isa = PBXGroup;
			children = (
				61D100C024D1EE0C00B3E3B6 /* KitchenSink.app */,
				61D100D924D1EE1200B3E3B6 /* KitchenSinkTests.xctest */,
				61D100E424D1EE1200B3E3B6 /* KitchenSinkUITests.xctest */,
			);
			name = Products;
			sourceTree = "<group>";
		};
		61D100C224D1EE0C00B3E3B6 /* KitchenSink */ = {
			isa = PBXGroup;
			children = (
				61D0944724D40BB700118A39 /* KitchenSink.entitlements */,
				6164DD8624D35C680061940C /* Model */,
				6164DD8324D35BFF0061940C /* AudioManager */,
				6164DD7624D3353C0061940C /* audioAssets */,
				61D100C324D1EE0C00B3E3B6 /* AppDelegate.swift */,
				61D100C524D1EE0C00B3E3B6 /* SceneDelegate.swift */,
				61D100CA24D1EE0C00B3E3B6 /* ContentView.swift */,
				61D100CC24D1EE1100B3E3B6 /* Assets.xcassets */,
				61D100D124D1EE1100B3E3B6 /* LaunchScreen.storyboard */,
				61D100D424D1EE1100B3E3B6 /* Info.plist */,
				61D100C724D1EE0C00B3E3B6 /* KitchenSink.xcdatamodeld */,
				61D100CE24D1EE1100B3E3B6 /* Preview Content */,
			);
			path = KitchenSink;
			sourceTree = "<group>";
		};
		61D100CE24D1EE1100B3E3B6 /* Preview Content */ = {
			isa = PBXGroup;
			children = (
				61D100CF24D1EE1100B3E3B6 /* Preview Assets.xcassets */,
			);
			path = "Preview Content";
			sourceTree = "<group>";
		};
		61D100DC24D1EE1200B3E3B6 /* KitchenSinkTests */ = {
			isa = PBXGroup;
			children = (
				61D100DD24D1EE1200B3E3B6 /* KitchenSinkTests.swift */,
				61D100DF24D1EE1200B3E3B6 /* Info.plist */,
			);
			path = KitchenSinkTests;
			sourceTree = "<group>";
		};
		61D100E724D1EE1200B3E3B6 /* KitchenSinkUITests */ = {
			isa = PBXGroup;
			children = (
				61D100E824D1EE1200B3E3B6 /* KitchenSinkUITests.swift */,
				61D100EA24D1EE1200B3E3B6 /* Info.plist */,
			);
			path = KitchenSinkUITests;
			sourceTree = "<group>";
		};
/* End PBXGroup section */

/* Begin PBXNativeTarget section */
		61D100BF24D1EE0C00B3E3B6 /* KitchenSink */ = {
			isa = PBXNativeTarget;
			buildConfigurationList = 61D100ED24D1EE1200B3E3B6 /* Build configuration list for PBXNativeTarget "KitchenSink" */;
			buildPhases = (
				61D100BC24D1EE0C00B3E3B6 /* Sources */,
				61D100BD24D1EE0C00B3E3B6 /* Frameworks */,
				61D100BE24D1EE0C00B3E3B6 /* Resources */,
			);
			buildRules = (
			);
			dependencies = (
			);
			name = KitchenSink;
			productName = KitchenSink;
			productReference = 61D100C024D1EE0C00B3E3B6 /* KitchenSink.app */;
			productType = "com.apple.product-type.application";
		};
		61D100D824D1EE1200B3E3B6 /* KitchenSinkTests */ = {
			isa = PBXNativeTarget;
			buildConfigurationList = 61D100F024D1EE1200B3E3B6 /* Build configuration list for PBXNativeTarget "KitchenSinkTests" */;
			buildPhases = (
				61D100D524D1EE1200B3E3B6 /* Sources */,
				61D100D624D1EE1200B3E3B6 /* Frameworks */,
				61D100D724D1EE1200B3E3B6 /* Resources */,
			);
			buildRules = (
			);
			dependencies = (
				61D100DB24D1EE1200B3E3B6 /* PBXTargetDependency */,
			);
			name = KitchenSinkTests;
			productName = KitchenSinkTests;
			productReference = 61D100D924D1EE1200B3E3B6 /* KitchenSinkTests.xctest */;
			productType = "com.apple.product-type.bundle.unit-test";
		};
		61D100E324D1EE1200B3E3B6 /* KitchenSinkUITests */ = {
			isa = PBXNativeTarget;
			buildConfigurationList = 61D100F324D1EE1200B3E3B6 /* Build configuration list for PBXNativeTarget "KitchenSinkUITests" */;
			buildPhases = (
				61D100E024D1EE1200B3E3B6 /* Sources */,
				61D100E124D1EE1200B3E3B6 /* Frameworks */,
				61D100E224D1EE1200B3E3B6 /* Resources */,
			);
			buildRules = (
			);
			dependencies = (
				61D100E624D1EE1200B3E3B6 /* PBXTargetDependency */,
			);
			name = KitchenSinkUITests;
			productName = KitchenSinkUITests;
			productReference = 61D100E424D1EE1200B3E3B6 /* KitchenSinkUITests.xctest */;
			productType = "com.apple.product-type.bundle.ui-testing";
		};
/* End PBXNativeTarget section */

/* Begin PBXProject section */
		61D100B824D1EE0C00B3E3B6 /* Project object */ = {
			isa = PBXProject;
			attributes = {
				LastSwiftUpdateCheck = 1160;
				LastUpgradeCheck = 1160;
				ORGANIZATIONNAME = "Bryan Bolivar";
				TargetAttributes = {
					61D100BF24D1EE0C00B3E3B6 = {
						CreatedOnToolsVersion = 11.6;
					};
					61D100D824D1EE1200B3E3B6 = {
						CreatedOnToolsVersion = 11.6;
						TestTargetID = 61D100BF24D1EE0C00B3E3B6;
					};
					61D100E324D1EE1200B3E3B6 = {
						CreatedOnToolsVersion = 11.6;
						TestTargetID = 61D100BF24D1EE0C00B3E3B6;
					};
				};
			};
			buildConfigurationList = 61D100BB24D1EE0C00B3E3B6 /* Build configuration list for PBXProject "KitchenSink" */;
			compatibilityVersion = "Xcode 9.3";
			developmentRegion = en;
			hasScannedForEncodings = 0;
			knownRegions = (
				en,
				Base,
			);
			mainGroup = 61D100B724D1EE0C00B3E3B6;
			productRefGroup = 61D100C124D1EE0C00B3E3B6 /* Products */;
			projectDirPath = "";
			projectRoot = "";
			targets = (
				61D100BF24D1EE0C00B3E3B6 /* KitchenSink */,
				61D100D824D1EE1200B3E3B6 /* KitchenSinkTests */,
				61D100E324D1EE1200B3E3B6 /* KitchenSinkUITests */,
			);
		};
/* End PBXProject section */

/* Begin PBXResourcesBuildPhase section */
		61D100BE24D1EE0C00B3E3B6 /* Resources */ = {
			isa = PBXResourcesBuildPhase;
			buildActionMask = 2147483647;
			files = (
				6164DD7E24D335560061940C /* Re.m4a in Resources */,
				61D100D324D1EE1100B3E3B6 /* LaunchScreen.storyboard in Resources */,
				61D0944624D3FF2C00118A39 /* MiGrave.m4a in Resources */,
				61D100D024D1EE1100B3E3B6 /* Preview Assets.xcassets in Resources */,
				6164DD8224D335560061940C /* Sol.m4a in Resources */,
				6164DD7D24D335560061940C /* La.m4a in Resources */,
				6164DD8124D335560061940C /* Si.m4a in Resources */,
				6164DD7F24D335560061940C /* Mi.m4a in Resources */,
				61D100CD24D1EE1100B3E3B6 /* Assets.xcassets in Resources */,
			);
			runOnlyForDeploymentPostprocessing = 0;
		};
		61D100D724D1EE1200B3E3B6 /* Resources */ = {
			isa = PBXResourcesBuildPhase;
			buildActionMask = 2147483647;
			files = (
			);
			runOnlyForDeploymentPostprocessing = 0;
		};
		61D100E224D1EE1200B3E3B6 /* Resources */ = {
			isa = PBXResourcesBuildPhase;
			buildActionMask = 2147483647;
			files = (
			);
			runOnlyForDeploymentPostprocessing = 0;
		};
/* End PBXResourcesBuildPhase section */

/* Begin PBXSourcesBuildPhase section */
		61D100BC24D1EE0C00B3E3B6 /* Sources */ = {
			isa = PBXSourcesBuildPhase;
			buildActionMask = 2147483647;
			files = (
				61D100C924D1EE0C00B3E3B6 /* KitchenSink.xcdatamodeld in Sources */,
				61D100C424D1EE0C00B3E3B6 /* AppDelegate.swift in Sources */,
				61D100CB24D1EE0C00B3E3B6 /* ContentView.swift in Sources */,
				61D100C624D1EE0C00B3E3B6 /* SceneDelegate.swift in Sources */,
				6164DD8524D35C240061940C /* GSAudio.swift in Sources */,
				6164DD8824D35C800061940C /* Note.swift in Sources */,
			);
			runOnlyForDeploymentPostprocessing = 0;
		};
		61D100D524D1EE1200B3E3B6 /* Sources */ = {
			isa = PBXSourcesBuildPhase;
			buildActionMask = 2147483647;
			files = (
				61D100DE24D1EE1200B3E3B6 /* KitchenSinkTests.swift in Sources */,
			);
			runOnlyForDeploymentPostprocessing = 0;
		};
		61D100E024D1EE1200B3E3B6 /* Sources */ = {
			isa = PBXSourcesBuildPhase;
			buildActionMask = 2147483647;
			files = (
				61D100E924D1EE1200B3E3B6 /* KitchenSinkUITests.swift in Sources */,
			);
			runOnlyForDeploymentPostprocessing = 0;
		};
/* End PBXSourcesBuildPhase section */

/* Begin PBXTargetDependency section */
		61D100DB24D1EE1200B3E3B6 /* PBXTargetDependency */ = {
			isa = PBXTargetDependency;
			target = 61D100BF24D1EE0C00B3E3B6 /* KitchenSink */;
			targetProxy = 61D100DA24D1EE1200B3E3B6 /* PBXContainerItemProxy */;
		};
		61D100E624D1EE1200B3E3B6 /* PBXTargetDependency */ = {
			isa = PBXTargetDependency;
			target = 61D100BF24D1EE0C00B3E3B6 /* KitchenSink */;
			targetProxy = 61D100E524D1EE1200B3E3B6 /* PBXContainerItemProxy */;
		};
/* End PBXTargetDependency section */

/* Begin PBXVariantGroup section */
		61D100D124D1EE1100B3E3B6 /* LaunchScreen.storyboard */ = {
			isa = PBXVariantGroup;
			children = (
				61D100D224D1EE1100B3E3B6 /* Base */,
			);
			name = LaunchScreen.storyboard;
			sourceTree = "<group>";
		};
/* End PBXVariantGroup section */

/* Begin XCBuildConfiguration section */
		61D100EB24D1EE1200B3E3B6 /* Debug */ = {
			isa = XCBuildConfiguration;
			buildSettings = {
				ALWAYS_SEARCH_USER_PATHS = NO;
				CLANG_ANALYZER_NONNULL = YES;
				CLANG_ANALYZER_NUMBER_OBJECT_CONVERSION = YES_AGGRESSIVE;
				CLANG_CXX_LANGUAGE_STANDARD = "gnu++14";
				CLANG_CXX_LIBRARY = "libc++";
				CLANG_ENABLE_MODULES = YES;
				CLANG_ENABLE_OBJC_ARC = YES;
				CLANG_ENABLE_OBJC_WEAK = YES;
				CLANG_WARN_BLOCK_CAPTURE_AUTORELEASING = YES;
				CLANG_WARN_BOOL_CONVERSION = YES;
				CLANG_WARN_COMMA = YES;
				CLANG_WARN_CONSTANT_CONVERSION = YES;
				CLANG_WARN_DEPRECATED_OBJC_IMPLEMENTATIONS = YES;
				CLANG_WARN_DIRECT_OBJC_ISA_USAGE = YES_ERROR;
				CLANG_WARN_DOCUMENTATION_COMMENTS = YES;
				CLANG_WARN_EMPTY_BODY = YES;
				CLANG_WARN_ENUM_CONVERSION = YES;
				CLANG_WARN_INFINITE_RECURSION = YES;
				CLANG_WARN_INT_CONVERSION = YES;
				CLANG_WARN_NON_LITERAL_NULL_CONVERSION = YES;
				CLANG_WARN_OBJC_IMPLICIT_RETAIN_SELF = YES;
				CLANG_WARN_OBJC_LITERAL_CONVERSION = YES;
				CLANG_WARN_OBJC_ROOT_CLASS = YES_ERROR;
				CLANG_WARN_RANGE_LOOP_ANALYSIS = YES;
				CLANG_WARN_STRICT_PROTOTYPES = YES;
				CLANG_WARN_SUSPICIOUS_MOVE = YES;
				CLANG_WARN_UNGUARDED_AVAILABILITY = YES_AGGRESSIVE;
				CLANG_WARN_UNREACHABLE_CODE = YES;
				CLANG_WARN__DUPLICATE_METHOD_MATCH = YES;
				COPY_PHASE_STRIP = NO;
				DEBUG_INFORMATION_FORMAT = dwarf;
				ENABLE_STRICT_OBJC_MSGSEND = YES;
				ENABLE_TESTABILITY = YES;
				GCC_C_LANGUAGE_STANDARD = gnu11;
				GCC_DYNAMIC_NO_PIC = NO;
				GCC_NO_COMMON_BLOCKS = YES;
				GCC_OPTIMIZATION_LEVEL = 0;
				GCC_PREPROCESSOR_DEFINITIONS = (
					"DEBUG=1",
					"$(inherited)",
				);
				GCC_WARN_64_TO_32_BIT_CONVERSION = YES;
				GCC_WARN_ABOUT_RETURN_TYPE = YES_ERROR;
				GCC_WARN_UNDECLARED_SELECTOR = YES;
				GCC_WARN_UNINITIALIZED_AUTOS = YES_AGGRESSIVE;
				GCC_WARN_UNUSED_FUNCTION = YES;
				GCC_WARN_UNUSED_VARIABLE = YES;
				IPHONEOS_DEPLOYMENT_TARGET = 13.6;
				MTL_ENABLE_DEBUG_INFO = INCLUDE_SOURCE;
				MTL_FAST_MATH = YES;
				ONLY_ACTIVE_ARCH = YES;
				SDKROOT = iphoneos;
				SWIFT_ACTIVE_COMPILATION_CONDITIONS = DEBUG;
				SWIFT_OPTIMIZATION_LEVEL = "-Onone";
			};
			name = Debug;
		};
		61D100EC24D1EE1200B3E3B6 /* Release */ = {
			isa = XCBuildConfiguration;
			buildSettings = {
				ALWAYS_SEARCH_USER_PATHS = NO;
				CLANG_ANALYZER_NONNULL = YES;
				CLANG_ANALYZER_NUMBER_OBJECT_CONVERSION = YES_AGGRESSIVE;
				CLANG_CXX_LANGUAGE_STANDARD = "gnu++14";
				CLANG_CXX_LIBRARY = "libc++";
				CLANG_ENABLE_MODULES = YES;
				CLANG_ENABLE_OBJC_ARC = YES;
				CLANG_ENABLE_OBJC_WEAK = YES;
				CLANG_WARN_BLOCK_CAPTURE_AUTORELEASING = YES;
				CLANG_WARN_BOOL_CONVERSION = YES;
				CLANG_WARN_COMMA = YES;
				CLANG_WARN_CONSTANT_CONVERSION = YES;
				CLANG_WARN_DEPRECATED_OBJC_IMPLEMENTATIONS = YES;
				CLANG_WARN_DIRECT_OBJC_ISA_USAGE = YES_ERROR;
				CLANG_WARN_DOCUMENTATION_COMMENTS = YES;
				CLANG_WARN_EMPTY_BODY = YES;
				CLANG_WARN_ENUM_CONVERSION = YES;
				CLANG_WARN_INFINITE_RECURSION = YES;
				CLANG_WARN_INT_CONVERSION = YES;
				CLANG_WARN_NON_LITERAL_NULL_CONVERSION = YES;
				CLANG_WARN_OBJC_IMPLICIT_RETAIN_SELF = YES;
				CLANG_WARN_OBJC_LITERAL_CONVERSION = YES;
				CLANG_WARN_OBJC_ROOT_CLASS = YES_ERROR;
				CLANG_WARN_RANGE_LOOP_ANALYSIS = YES;
				CLANG_WARN_STRICT_PROTOTYPES = YES;
				CLANG_WARN_SUSPICIOUS_MOVE = YES;
				CLANG_WARN_UNGUARDED_AVAILABILITY = YES_AGGRESSIVE;
				CLANG_WARN_UNREACHABLE_CODE = YES;
				CLANG_WARN__DUPLICATE_METHOD_MATCH = YES;
				COPY_PHASE_STRIP = NO;
				DEBUG_INFORMATION_FORMAT = "dwarf-with-dsym";
				ENABLE_NS_ASSERTIONS = NO;
				ENABLE_STRICT_OBJC_MSGSEND = YES;
				GCC_C_LANGUAGE_STANDARD = gnu11;
				GCC_NO_COMMON_BLOCKS = YES;
				GCC_WARN_64_TO_32_BIT_CONVERSION = YES;
				GCC_WARN_ABOUT_RETURN_TYPE = YES_ERROR;
				GCC_WARN_UNDECLARED_SELECTOR = YES;
				GCC_WARN_UNINITIALIZED_AUTOS = YES_AGGRESSIVE;
				GCC_WARN_UNUSED_FUNCTION = YES;
				GCC_WARN_UNUSED_VARIABLE = YES;
				IPHONEOS_DEPLOYMENT_TARGET = 13.6;
				MTL_ENABLE_DEBUG_INFO = NO;
				MTL_FAST_MATH = YES;
				SDKROOT = iphoneos;
				SWIFT_COMPILATION_MODE = wholemodule;
				SWIFT_OPTIMIZATION_LEVEL = "-O";
				VALIDATE_PRODUCT = YES;
			};
			name = Release;
		};
		61D100EE24D1EE1200B3E3B6 /* Debug */ = {
			isa = XCBuildConfiguration;
			buildSettings = {
				ASSETCATALOG_COMPILER_APPICON_NAME = AppIcon;
				CODE_SIGN_ENTITLEMENTS = KitchenSink/KitchenSink.entitlements;
				CODE_SIGN_STYLE = Automatic;
				DEVELOPMENT_ASSET_PATHS = "\"KitchenSink/Preview Content\"";
				DEVELOPMENT_TEAM = K87XPR878Y;
				ENABLE_PREVIEWS = YES;
				INFOPLIST_FILE = KitchenSink/Info.plist;
				LD_RUNPATH_SEARCH_PATHS = (
					"$(inherited)",
					"@executable_path/Frameworks",
				);
				PRODUCT_BUNDLE_IDENTIFIER = bolivarbryan.KitchenSink;
				PRODUCT_NAME = "$(TARGET_NAME)";
				SUPPORTS_MACCATALYST = YES;
				SWIFT_VERSION = 5.0;
				TARGETED_DEVICE_FAMILY = "1,2";
			};
			name = Debug;
		};
		61D100EF24D1EE1200B3E3B6 /* Release */ = {
			isa = XCBuildConfiguration;
			buildSettings = {
				ASSETCATALOG_COMPILER_APPICON_NAME = AppIcon;
				CODE_SIGN_ENTITLEMENTS = KitchenSink/KitchenSink.entitlements;
				CODE_SIGN_STYLE = Automatic;
				DEVELOPMENT_ASSET_PATHS = "\"KitchenSink/Preview Content\"";
				DEVELOPMENT_TEAM = K87XPR878Y;
				ENABLE_PREVIEWS = YES;
				INFOPLIST_FILE = KitchenSink/Info.plist;
				LD_RUNPATH_SEARCH_PATHS = (
					"$(inherited)",
					"@executable_path/Frameworks",
				);
				PRODUCT_BUNDLE_IDENTIFIER = bolivarbryan.KitchenSink;
				PRODUCT_NAME = "$(TARGET_NAME)";
				SUPPORTS_MACCATALYST = YES;
				SWIFT_VERSION = 5.0;
				TARGETED_DEVICE_FAMILY = "1,2";
			};
			name = Release;
		};
		61D100F124D1EE1200B3E3B6 /* Debug */ = {
			isa = XCBuildConfiguration;
			buildSettings = {
				ALWAYS_EMBED_SWIFT_STANDARD_LIBRARIES = YES;
				BUNDLE_LOADER = "$(TEST_HOST)";
				CODE_SIGN_STYLE = Automatic;
				INFOPLIST_FILE = KitchenSinkTests/Info.plist;
				IPHONEOS_DEPLOYMENT_TARGET = 13.6;
				LD_RUNPATH_SEARCH_PATHS = (
					"$(inherited)",
					"@executable_path/Frameworks",
					"@loader_path/Frameworks",
				);
				PRODUCT_BUNDLE_IDENTIFIER = bolivarbryan.KitchenSinkTests;
				PRODUCT_NAME = "$(TARGET_NAME)";
				SWIFT_VERSION = 5.0;
				TARGETED_DEVICE_FAMILY = "1,2";
				TEST_HOST = "$(BUILT_PRODUCTS_DIR)/KitchenSink.app/KitchenSink";
			};
			name = Debug;
		};
		61D100F224D1EE1200B3E3B6 /* Release */ = {
			isa = XCBuildConfiguration;
			buildSettings = {
				ALWAYS_EMBED_SWIFT_STANDARD_LIBRARIES = YES;
				BUNDLE_LOADER = "$(TEST_HOST)";
				CODE_SIGN_STYLE = Automatic;
				INFOPLIST_FILE = KitchenSinkTests/Info.plist;
				IPHONEOS_DEPLOYMENT_TARGET = 13.6;
				LD_RUNPATH_SEARCH_PATHS = (
					"$(inherited)",
					"@executable_path/Frameworks",
					"@loader_path/Frameworks",
				);
				PRODUCT_BUNDLE_IDENTIFIER = bolivarbryan.KitchenSinkTests;
				PRODUCT_NAME = "$(TARGET_NAME)";
				SWIFT_VERSION = 5.0;
				TARGETED_DEVICE_FAMILY = "1,2";
				TEST_HOST = "$(BUILT_PRODUCTS_DIR)/KitchenSink.app/KitchenSink";
			};
			name = Release;
		};
		61D100F424D1EE1200B3E3B6 /* Debug */ = {
			isa = XCBuildConfiguration;
			buildSettings = {
				ALWAYS_EMBED_SWIFT_STANDARD_LIBRARIES = YES;
				CODE_SIGN_STYLE = Automatic;
				INFOPLIST_FILE = KitchenSinkUITests/Info.plist;
				LD_RUNPATH_SEARCH_PATHS = (
					"$(inherited)",
					"@executable_path/Frameworks",
					"@loader_path/Frameworks",
				);
				PRODUCT_BUNDLE_IDENTIFIER = bolivarbryan.KitchenSinkUITests;
				PRODUCT_NAME = "$(TARGET_NAME)";
				SWIFT_VERSION = 5.0;
				TARGETED_DEVICE_FAMILY = "1,2";
				TEST_TARGET_NAME = KitchenSink;
			};
			name = Debug;
		};
		61D100F524D1EE1200B3E3B6 /* Release */ = {
			isa = XCBuildConfiguration;
			buildSettings = {
				ALWAYS_EMBED_SWIFT_STANDARD_LIBRARIES = YES;
				CODE_SIGN_STYLE = Automatic;
				INFOPLIST_FILE = KitchenSinkUITests/Info.plist;
				LD_RUNPATH_SEARCH_PATHS = (
					"$(inherited)",
					"@executable_path/Frameworks",
					"@loader_path/Frameworks",
				);
				PRODUCT_BUNDLE_IDENTIFIER = bolivarbryan.KitchenSinkUITests;
				PRODUCT_NAME = "$(TARGET_NAME)";
				SWIFT_VERSION = 5.0;
				TARGETED_DEVICE_FAMILY = "1,2";
				TEST_TARGET_NAME = KitchenSink;
			};
			name = Release;
		};
/* End XCBuildConfiguration section */

/* Begin XCConfigurationList section */
		61D100BB24D1EE0C00B3E3B6 /* Build configuration list for PBXProject "KitchenSink" */ = {
			isa = XCConfigurationList;
			buildConfigurations = (
				61D100EB24D1EE1200B3E3B6 /* Debug */,
				61D100EC24D1EE1200B3E3B6 /* Release */,
			);
			defaultConfigurationIsVisible = 0;
			defaultConfigurationName = Release;
		};
		61D100ED24D1EE1200B3E3B6 /* Build configuration list for PBXNativeTarget "KitchenSink" */ = {
			isa = XCConfigurationList;
			buildConfigurations = (
				61D100EE24D1EE1200B3E3B6 /* Debug */,
				61D100EF24D1EE1200B3E3B6 /* Release */,
			);
			defaultConfigurationIsVisible = 0;
			defaultConfigurationName = Release;
		};
		61D100F024D1EE1200B3E3B6 /* Build configuration list for PBXNativeTarget "KitchenSinkTests" */ = {
			isa = XCConfigurationList;
			buildConfigurations = (
				61D100F124D1EE1200B3E3B6 /* Debug */,
				61D100F224D1EE1200B3E3B6 /* Release */,
			);
			defaultConfigurationIsVisible = 0;
			defaultConfigurationName = Release;
		};
		61D100F324D1EE1200B3E3B6 /* Build configuration list for PBXNativeTarget "KitchenSinkUITests" */ = {
			isa = XCConfigurationList;
			buildConfigurations = (
				61D100F424D1EE1200B3E3B6 /* Debug */,
				61D100F524D1EE1200B3E3B6 /* Release */,
			);
			defaultConfigurationIsVisible = 0;
			defaultConfigurationName = Release;
		};
/* End XCConfigurationList section */

/* Begin XCVersionGroup section */
		61D100C724D1EE0C00B3E3B6 /* KitchenSink.xcdatamodeld */ = {
			isa = XCVersionGroup;
			children = (
				61D100C824D1EE0C00B3E3B6 /* KitchenSink.xcdatamodel */,
			);
			currentVersion = 61D100C824D1EE0C00B3E3B6 /* KitchenSink.xcdatamodel */;
			path = KitchenSink.xcdatamodeld;
			sourceTree = "<group>";
			versionGroupType = wrapper.xcdatamodel;
		};
/* End XCVersionGroup section */
	};
	rootObject = 61D100B824D1EE0C00B3E3B6 /* Project object */;
}
